lockfileVersion: '6.0'

settings:
  autoInstallPeers: true
  excludeLinksFromLockfile: false

devDependencies:
  '@types/node':
    specifier: 18.x
    version: 18.19.30
  '@types/vscode':
    specifier: ^1.88.0
    version: 1.88.0
  typescript:
    specifier: ^5.4.4
    version: 5.4.4

packages:

  /@types/node@18.19.30:
    resolution: {integrity: sha512-453z1zPuJLVDbyahaa1sSD5C2sht6ZpHp5rgJNs+H8YGqhluCXcuOUmBYsAo0Tos0cHySJ3lVUGbGgLlqIkpyg==}
    dependencies:
      undici-types: 5.26.5
    dev: true

  /@types/vscode@1.88.0:
    resolution: {integrity: sha512-rWY+Bs6j/f1lvr8jqZTyp5arRMfovdxolcqGi+//+cPDOh8SBvzXH90e7BiSXct5HJ9HGW6jATchbRTpTJpEkw==}
    dev: true

  /typescript@5.4.4:
    resolution: {integrity: sha512-dGE2Vv8cpVvw28v8HCPqyb08EzbBURxDpuhJvTrusShUfGnhHBafDsLdS1EhhxyL6BJQE+2cT3dDPAv+MQ6oLw==}
    engines: {node: '>=14.17'}
    hasBin: true
    dev: true

  /undici-types@5.26.5:
    resolution: {integrity: sha512-JlCMO+ehdEIKqlFxk6IfVoAUVmgz7cU7zD/h9XZ0qzeosSHmUJVOzSQvvYSYWXkFXC+IfLKSIffhv0sVZup6pA==}
    dev: true
